
Microsoft Visual Studio Solution File, Format Version 12.00
# Visual Studio Version 17
VisualStudioVersion = 17.4.33122.133
MinimumVisualStudioVersion = 10.0.40219.1
Project("{FAE04EC0-301F-11D3-BF4B-00C04F79EFBC}") = "ChocoboSplit", "ChocoboSplit\ChocoboSplit.csproj", "{1FB51B22-F08D-420E-96BE-20160B4D7DB8}"
EndProject
Global
	GlobalSection(SolutionConfigurationPlatforms) = preSolution
		Debug|Any CPU = Debug|Any CPU
		Release|Any CPU = Release|Any CPU
	EndGlobalSection
	GlobalSection(ProjectConfigurationPlatforms) = postSolution
		{1FB51B22-F08D-420E-96BE-20160B4D7DB8}.Debug|Any CPU.ActiveCfg = Debug|Any CPU
		{1FB51B22-F08D-420E-96BE-20160B4D7DB8}.Debug|Any CPU.Build.0 = Debug|Any CPU
		{1FB51B22-F08D-420E-96BE-20160B4D7DB8}.Release|Any CPU.ActiveCfg = Release|Any CPU
		{1FB51B22-F08D-420E-96BE-20160B4D7DB8}.Release|Any CPU.Build.0 = Release|Any CPU
	EndGlobalSection
	GlobalSection(SolutionProperties) = preSolution
		HideSolutionNode = FALSE
	EndGlobalSection
	GlobalSection(ExtensibilityGlobals) = postSolution
		SolutionGuid = {304D0888-1C33-4E0A-9185-CF4084C82904}
	EndGlobalSection
EndGlobal
